
Microsoft Visual Studio Solution File, Format Version 12.00
# Visual Studio Version 17
VisualStudioVersion = 17.7.34031.279
MinimumVisualStudioVersion = 10.0.40219.1
Project("{9A19103F-16F7-4668-BE54-9A1E7A4F7556}") = "jonas", "jonas.csproj", "{368CCEA5-8AE1-45D4-A50F-9A9967715B43}"
EndProject
Global
	GlobalSection(SolutionConfigurationPlatforms) = preSolution
		Debug|Any CPU = Debug|Any CPU
		Release|Any CPU = Release|Any CPU
	EndGlobalSection
	GlobalSection(ProjectConfigurationPlatforms) = postSolution
		{368CCEA5-8AE1-45D4-A50F-9A9967715B43}.Debug|Any CPU.ActiveCfg = Debug|Any CPU
		{368CCEA5-8AE1-45D4-A50F-9A9967715B43}.Debug|Any CPU.Build.0 = Debug|Any CPU
		{368CCEA5-8AE1-45D4-A50F-9A9967715B43}.Release|Any CPU.ActiveCfg = Release|Any CPU
		{368CCEA5-8AE1-45D4-A50F-9A9967715B43}.Release|Any CPU.Build.0 = Release|Any CPU
	EndGlobalSection
	GlobalSection(SolutionProperties) = preSolution
		HideSolutionNode = FALSE
	EndGlobalSection
	GlobalSection(ExtensibilityGlobals) = postSolution
		SolutionGuid = {CAA78A55-B0C2-43B4-A958-EE9F8034C92D}
	EndGlobalSection
EndGlobal
